<?xml version="1.0" encoding="utf-8"?>
<Project ToolsVersion="4.0" xmlns="http://schemas.microsoft.com/developer/msbuild/2003">
  <ItemGroup>
    <Filter Include="Handles">
      <UniqueIdentifier>{ac3ec89e-bf2c-4f9e-a4eb-2dc10837d2fd}</UniqueIdentifier>
    </Filter>
    <Filter Include="Server">
      <UniqueIdentifier>{239050d2-3043-425f-862e-908ec1ebb953}</UniqueIdentifier>
    </Filter>
    <Filter Include="Client">
      <UniqueIdentifier>{0ca8a440-1e61-479f-9ac7-1af15dcf0e2d}</UniqueIdentifier>
    </Filter>
  </ItemGroup>
  <ItemGroup>
    <ClCompile Include="Standard Handles.ixx">
      <Filter>Handles</Filter>
    </ClCompile>
    <ClCompile Include="Standard Handles.cpp">
      <Filter>Handles</Filter>
    </ClCompile>
    <ClCompile Include="Server.ixx">
      <Filter>Server</Filter>
    </ClCompile>
    <ClCompile Include="Server.cpp">
      <Filter>Server</Filter>
    </ClCompile>
  </ItemGroup>
  <ItemGroup>
    <ClInclude Include="Server.h">
      <Filter>Server</Filter>
    </ClInclude>
  </ItemGroup>
</Project>